<Solution>
  <Folder Name="/src/">
    <Project Path="src/KubeNimbus.Core/KubeNimbus.Core.csproj" />
    <Project Path="src/KubeNimbus.App/KubeNimbus.App.csproj" />
  </Folder>
  <Folder Name="/tests/">
    <Project Path="tests/KubeNimbus.Core.Tests/KubeNimbus.Core.Tests.csproj" />
  </Folder>
  <Folder Name="/tools/">
    <Project Path="tools/Screenshot/Screenshot.csproj" />
  </Folder>
</Solution>
